
Microsoft Visual Studio Solution File, Format Version 12.00
# Visual Studio Version 16
VisualStudioVersion = 16.0.31829.152
MinimumVisualStudioVersion = 10.0.40219.1
Project("{9A19103F-16F7-4668-BE54-9A1E7A4F7556}") = "Day01", "Day01\Day01.csproj", "{80364AC5-C0C7-4046-87C2-12407B3614CC}"
EndProject
Project("{9A19103F-16F7-4668-BE54-9A1E7A4F7556}") = "Day02", "Day02\Day02.csproj", "{BF48ADEE-980B-4B50-B1D9-869B6DD0EAB9}"
EndProject
Project("{9A19103F-16F7-4668-BE54-9A1E7A4F7556}") = "Day03", "Day03\Day03.csproj", "{02EA4A2C-8199-4934-A554-3BF5513941C6}"
EndProject
Project("{9A19103F-16F7-4668-BE54-9A1E7A4F7556}") = "Day04", "Day04\Day04.csproj", "{3D9E3226-D1A4-4A64-AF0F-0DFC5FFEB624}"
EndProject
Project("{9A19103F-16F7-4668-BE54-9A1E7A4F7556}") = "Day05", "Day05\Day05.csproj", "{AB410BC8-7934-44C7-8AC8-7D721B79E848}"
EndProject
Project("{9A19103F-16F7-4668-BE54-9A1E7A4F7556}") = "Day06", "Day06\Day06.csproj", "{BFBB4304-6418-4E14-810D-AE38FD1A9F2E}"
EndProject
Project("{9A19103F-16F7-4668-BE54-9A1E7A4F7556}") = "Day07", "Day07\Day07.csproj", "{B516A1D8-DA63-49E3-B78A-6E8180D7FA47}"
EndProject
Project("{9A19103F-16F7-4668-BE54-9A1E7A4F7556}") = "Day08", "Day08\Day08.csproj", "{310F5913-9D21-4C18-B396-D92E72EED7E5}"
EndProject
Project("{9A19103F-16F7-4668-BE54-9A1E7A4F7556}") = "Day09", "Day09\Day09.csproj", "{64FB718A-F76D-440D-9BBD-7A279B2736A2}"
EndProject
Project("{9A19103F-16F7-4668-BE54-9A1E7A4F7556}") = "Day10", "Day10\Day10.csproj", "{272DBE26-E8C1-49AA-AB96-054195248763}"
EndProject
Project("{9A19103F-16F7-4668-BE54-9A1E7A4F7556}") = "Day11", "Day11\Day11.csproj", "{9A1637D9-F4F2-4108-AEFC-6052A252DF1C}"
EndProject
Project("{9A19103F-16F7-4668-BE54-9A1E7A4F7556}") = "Day12", "Day12\Day12.csproj", "{A4032FAA-3B88-4107-993D-3797CA336AFE}"
EndProject
Project("{9A19103F-16F7-4668-BE54-9A1E7A4F7556}") = "Day13", "Day13\Day13.csproj", "{064E91DC-96E1-412A-9C1A-D8CD09EED9AA}"
EndProject
Project("{9A19103F-16F7-4668-BE54-9A1E7A4F7556}") = "Day14", "Day14\Day14.csproj", "{D0EB135A-09AD-40F0-A9DA-3C67B6C79A6B}"
EndProject
Project("{9A19103F-16F7-4668-BE54-9A1E7A4F7556}") = "Day15", "Day15\Day15.csproj", "{082595BB-5BA0-468E-B591-57D3BDAFEB86}"
EndProject
Project("{9A19103F-16F7-4668-BE54-9A1E7A4F7556}") = "Day16", "Day16\Day16.csproj", "{C4D5D425-3584-476B-A9A1-824A2F611A27}"
EndProject
Project("{9A19103F-16F7-4668-BE54-9A1E7A4F7556}") = "Day17", "Day17\Day17.csproj", "{4345CB0C-5DBD-4144-9D9C-F0270458D2EC}"
EndProject
Project("{9A19103F-16F7-4668-BE54-9A1E7A4F7556}") = "Day18", "Day18\Day18.csproj", "{518D4713-12FE-43A0-A6F2-13AE3DFF9EB9}"
EndProject
Project("{9A19103F-16F7-4668-BE54-9A1E7A4F7556}") = "UnitTests", "UnitTests\UnitTests.csproj", "{375EC499-9B4A-4FDC-A99B-30367F8E0226}"
EndProject
Project("{9A19103F-16F7-4668-BE54-9A1E7A4F7556}") = "Extensions", "Extensions\Extensions.csproj", "{D6B3BD7E-93B0-4D6C-A86E-021D5F6D9730}"
EndProject
Project("{2150E333-8FDC-42A3-9474-1A3956D46DE8}") = "Solution Items", "Solution Items", "{B8B23CBB-3B74-4085-9691-493F030A54A3}"
	ProjectSection(SolutionItems) = preProject
		.editorconfig = .editorconfig
		.gitignore = .gitignore
		.github\workflows\dotnet.yml = .github\workflows\dotnet.yml
		LICENSE.md = LICENSE.md
		ReadMe.md = ReadMe.md
	EndProjectSection
EndProject
Global
	GlobalSection(SolutionConfigurationPlatforms) = preSolution
		Debug|Any CPU = Debug|Any CPU
		Release|Any CPU = Release|Any CPU
	EndGlobalSection
	GlobalSection(ProjectConfigurationPlatforms) = postSolution
		{80364AC5-C0C7-4046-87C2-12407B3614CC}.Debug|Any CPU.ActiveCfg = Debug|Any CPU
		{80364AC5-C0C7-4046-87C2-12407B3614CC}.Debug|Any CPU.Build.0 = Debug|Any CPU
		{80364AC5-C0C7-4046-87C2-12407B3614CC}.Release|Any CPU.ActiveCfg = Release|Any CPU
		{80364AC5-C0C7-4046-87C2-12407B3614CC}.Release|Any CPU.Build.0 = Release|Any CPU
		{BF48ADEE-980B-4B50-B1D9-869B6DD0EAB9}.Debug|Any CPU.ActiveCfg = Debug|Any CPU
		{BF48ADEE-980B-4B50-B1D9-869B6DD0EAB9}.Debug|Any CPU.Build.0 = Debug|Any CPU
		{BF48ADEE-980B-4B50-B1D9-869B6DD0EAB9}.Release|Any CPU.ActiveCfg = Release|Any CPU
		{BF48ADEE-980B-4B50-B1D9-869B6DD0EAB9}.Release|Any CPU.Build.0 = Release|Any CPU
		{02EA4A2C-8199-4934-A554-3BF5513941C6}.Debug|Any CPU.ActiveCfg = Debug|Any CPU
		{02EA4A2C-8199-4934-A554-3BF5513941C6}.Debug|Any CPU.Build.0 = Debug|Any CPU
		{02EA4A2C-8199-4934-A554-3BF5513941C6}.Release|Any CPU.ActiveCfg = Release|Any CPU
		{02EA4A2C-8199-4934-A554-3BF5513941C6}.Release|Any CPU.Build.0 = Release|Any CPU
		{3D9E3226-D1A4-4A64-AF0F-0DFC5FFEB624}.Debug|Any CPU.ActiveCfg = Debug|Any CPU
		{3D9E3226-D1A4-4A64-AF0F-0DFC5FFEB624}.Debug|Any CPU.Build.0 = Debug|Any CPU
		{3D9E3226-D1A4-4A64-AF0F-0DFC5FFEB624}.Release|Any CPU.ActiveCfg = Release|Any CPU
		{3D9E3226-D1A4-4A64-AF0F-0DFC5FFEB624}.Release|Any CPU.Build.0 = Release|Any CPU
		{AB410BC8-7934-44C7-8AC8-7D721B79E848}.Debug|Any CPU.ActiveCfg = Debug|Any CPU
		{AB410BC8-7934-44C7-8AC8-7D721B79E848}.Debug|Any CPU.Build.0 = Debug|Any CPU
		{AB410BC8-7934-44C7-8AC8-7D721B79E848}.Release|Any CPU.ActiveCfg = Release|Any CPU
		{AB410BC8-7934-44C7-8AC8-7D721B79E848}.Release|Any CPU.Build.0 = Release|Any CPU
		{BFBB4304-6418-4E14-810D-AE38FD1A9F2E}.Debug|Any CPU.ActiveCfg = Debug|Any CPU
		{BFBB4304-6418-4E14-810D-AE38FD1A9F2E}.Debug|Any CPU.Build.0 = Debug|Any CPU
		{BFBB4304-6418-4E14-810D-AE38FD1A9F2E}.Release|Any CPU.ActiveCfg = Release|Any CPU
		{BFBB4304-6418-4E14-810D-AE38FD1A9F2E}.Release|Any CPU.Build.0 = Release|Any CPU
		{B516A1D8-DA63-49E3-B78A-6E8180D7FA47}.Debug|Any CPU.ActiveCfg = Debug|Any CPU
		{B516A1D8-DA63-49E3-B78A-6E8180D7FA47}.Debug|Any CPU.Build.0 = Debug|Any CPU
		{B516A1D8-DA63-49E3-B78A-6E8180D7FA47}.Release|Any CPU.ActiveCfg = Release|Any CPU
		{B516A1D8-DA63-49E3-B78A-6E8180D7FA47}.Release|Any CPU.Build.0 = Release|Any CPU
		{310F5913-9D21-4C18-B396-D92E72EED7E5}.Debug|Any CPU.ActiveCfg = Debug|Any CPU
		{310F5913-9D21-4C18-B396-D92E72EED7E5}.Debug|Any CPU.Build.0 = Debug|Any CPU
		{310F5913-9D21-4C18-B396-D92E72EED7E5}.Release|Any CPU.ActiveCfg = Release|Any CPU
		{310F5913-9D21-4C18-B396-D92E72EED7E5}.Release|Any CPU.Build.0 = Release|Any CPU
		{64FB718A-F76D-440D-9BBD-7A279B2736A2}.Debug|Any CPU.ActiveCfg = Debug|Any CPU
		{64FB718A-F76D-440D-9BBD-7A279B2736A2}.Debug|Any CPU.Build.0 = Debug|Any CPU
		{64FB718A-F76D-440D-9BBD-7A279B2736A2}.Release|Any CPU.ActiveCfg = Release|Any CPU
		{64FB718A-F76D-440D-9BBD-7A279B2736A2}.Release|Any CPU.Build.0 = Release|Any CPU
		{272DBE26-E8C1-49AA-AB96-054195248763}.Debug|Any CPU.ActiveCfg = Debug|Any CPU
		{272DBE26-E8C1-49AA-AB96-054195248763}.Debug|Any CPU.Build.0 = Debug|Any CPU
		{272DBE26-E8C1-49AA-AB96-054195248763}.Release|Any CPU.ActiveCfg = Release|Any CPU
		{272DBE26-E8C1-49AA-AB96-054195248763}.Release|Any CPU.Build.0 = Release|Any CPU
		{9A1637D9-F4F2-4108-AEFC-6052A252DF1C}.Debug|Any CPU.ActiveCfg = Debug|Any CPU
		{9A1637D9-F4F2-4108-AEFC-6052A252DF1C}.Debug|Any CPU.Build.0 = Debug|Any CPU
		{9A1637D9-F4F2-4108-AEFC-6052A252DF1C}.Release|Any CPU.ActiveCfg = Release|Any CPU
		{9A1637D9-F4F2-4108-AEFC-6052A252DF1C}.Release|Any CPU.Build.0 = Release|Any CPU
		{A4032FAA-3B88-4107-993D-3797CA336AFE}.Debug|Any CPU.ActiveCfg = Debug|Any CPU
		{A4032FAA-3B88-4107-993D-3797CA336AFE}.Debug|Any CPU.Build.0 = Debug|Any CPU
		{A4032FAA-3B88-4107-993D-3797CA336AFE}.Release|Any CPU.ActiveCfg = Release|Any CPU
		{A4032FAA-3B88-4107-993D-3797CA336AFE}.Release|Any CPU.Build.0 = Release|Any CPU
		{064E91DC-96E1-412A-9C1A-D8CD09EED9AA}.Debug|Any CPU.ActiveCfg = Debug|Any CPU
		{064E91DC-96E1-412A-9C1A-D8CD09EED9AA}.Debug|Any CPU.Build.0 = Debug|Any CPU
		{064E91DC-96E1-412A-9C1A-D8CD09EED9AA}.Release|Any CPU.ActiveCfg = Release|Any CPU
		{064E91DC-96E1-412A-9C1A-D8CD09EED9AA}.Release|Any CPU.Build.0 = Release|Any CPU
		{D0EB135A-09AD-40F0-A9DA-3C67B6C79A6B}.Debug|Any CPU.ActiveCfg = Debug|Any CPU
		{D0EB135A-09AD-40F0-A9DA-3C67B6C79A6B}.Debug|Any CPU.Build.0 = Debug|Any CPU
		{D0EB135A-09AD-40F0-A9DA-3C67B6C79A6B}.Release|Any CPU.ActiveCfg = Release|Any CPU
		{D0EB135A-09AD-40F0-A9DA-3C67B6C79A6B}.Release|Any CPU.Build.0 = Release|Any CPU
		{082595BB-5BA0-468E-B591-57D3BDAFEB86}.Debug|Any CPU.ActiveCfg = Debug|Any CPU
		{082595BB-5BA0-468E-B591-57D3BDAFEB86}.Debug|Any CPU.Build.0 = Debug|Any CPU
		{082595BB-5BA0-468E-B591-57D3BDAFEB86}.Release|Any CPU.ActiveCfg = Release|Any CPU
		{082595BB-5BA0-468E-B591-57D3BDAFEB86}.Release|Any CPU.Build.0 = Release|Any CPU
		{C4D5D425-3584-476B-A9A1-824A2F611A27}.Debug|Any CPU.ActiveCfg = Debug|Any CPU
		{C4D5D425-3584-476B-A9A1-824A2F611A27}.Debug|Any CPU.Build.0 = Debug|Any CPU
		{C4D5D425-3584-476B-A9A1-824A2F611A27}.Release|Any CPU.ActiveCfg = Release|Any CPU
		{C4D5D425-3584-476B-A9A1-824A2F611A27}.Release|Any CPU.Build.0 = Release|Any CPU
		{4345CB0C-5DBD-4144-9D9C-F0270458D2EC}.Debug|Any CPU.ActiveCfg = Debug|Any CPU
		{4345CB0C-5DBD-4144-9D9C-F0270458D2EC}.Debug|Any CPU.Build.0 = Debug|Any CPU
		{4345CB0C-5DBD-4144-9D9C-F0270458D2EC}.Release|Any CPU.ActiveCfg = Release|Any CPU
		{4345CB0C-5DBD-4144-9D9C-F0270458D2EC}.Release|Any CPU.Build.0 = Release|Any CPU
		{518D4713-12FE-43A0-A6F2-13AE3DFF9EB9}.Debug|Any CPU.ActiveCfg = Debug|Any CPU
		{518D4713-12FE-43A0-A6F2-13AE3DFF9EB9}.Debug|Any CPU.Build.0 = Debug|Any CPU
		{518D4713-12FE-43A0-A6F2-13AE3DFF9EB9}.Release|Any CPU.ActiveCfg = Release|Any CPU
		{518D4713-12FE-43A0-A6F2-13AE3DFF9EB9}.Release|Any CPU.Build.0 = Release|Any CPU
		{375EC499-9B4A-4FDC-A99B-30367F8E0226}.Debug|Any CPU.ActiveCfg = Debug|Any CPU
		{375EC499-9B4A-4FDC-A99B-30367F8E0226}.Debug|Any CPU.Build.0 = Debug|Any CPU
		{375EC499-9B4A-4FDC-A99B-30367F8E0226}.Release|Any CPU.ActiveCfg = Release|Any CPU
		{375EC499-9B4A-4FDC-A99B-30367F8E0226}.Release|Any CPU.Build.0 = Release|Any CPU
		{D6B3BD7E-93B0-4D6C-A86E-021D5F6D9730}.Debug|Any CPU.ActiveCfg = Debug|Any CPU
		{D6B3BD7E-93B0-4D6C-A86E-021D5F6D9730}.Debug|Any CPU.Build.0 = Debug|Any CPU
		{D6B3BD7E-93B0-4D6C-A86E-021D5F6D9730}.Release|Any CPU.ActiveCfg = Release|Any CPU
		{D6B3BD7E-93B0-4D6C-A86E-021D5F6D9730}.Release|Any CPU.Build.0 = Release|Any CPU
	EndGlobalSection
	GlobalSection(SolutionProperties) = preSolution
		HideSolutionNode = FALSE
	EndGlobalSection
	GlobalSection(ExtensibilityGlobals) = postSolution
		SolutionGuid = {2B9BF3B6-FC09-47BE-869B-37B628AB2290}
	EndGlobalSection
EndGlobal
