
Microsoft Visual Studio Solution File, Format Version 12.00
# Visual Studio Version 16
VisualStudioVersion = 16.0.31829.152
MinimumVisualStudioVersion = 10.0.40219.1
Project("{9A19103F-16F7-4668-BE54-9A1E7A4F7556}") = "Day01", "Day01\Day01.csproj", "{80364AC5-C0C7-4046-87C2-12407B3614CC}"
EndProject
Project("{9A19103F-16F7-4668-BE54-9A1E7A4F7556}") = "AoC2021Tests", "AOC2021Tests\AoC2021Tests.csproj", "{375EC499-9B4A-4FDC-A99B-30367F8E0226}"
EndProject
Project("{9A19103F-16F7-4668-BE54-9A1E7A4F7556}") = "Day02", "Day02\Day02.csproj", "{BF48ADEE-980B-4B50-B1D9-869B6DD0EAB9}"
EndProject
Project("{2150E333-8FDC-42A3-9474-1A3956D46DE8}") = "Solution Items", "Solution Items", "{B8B23CBB-3B74-4085-9691-493F030A54A3}"
	ProjectSection(SolutionItems) = preProject
		.editorconfig = .editorconfig
		.gitignore = .gitignore
		LICENSE.md = LICENSE.md
		ReadMe.md = ReadMe.md
	EndProjectSection
EndProject
Project("{9A19103F-16F7-4668-BE54-9A1E7A4F7556}") = "Day03", "Day03\Day03.csproj", "{02EA4A2C-8199-4934-A554-3BF5513941C6}"
EndProject
Project("{9A19103F-16F7-4668-BE54-9A1E7A4F7556}") = "Day04", "Day04\Day04.csproj", "{3D9E3226-D1A4-4A64-AF0F-0DFC5FFEB624}"
EndProject
Project("{9A19103F-16F7-4668-BE54-9A1E7A4F7556}") = "Day05", "Day05\Day05.csproj", "{AB410BC8-7934-44C7-8AC8-7D721B79E848}"
EndProject
Project("{FAE04EC0-301F-11D3-BF4B-00C04F79EFBC}") = "Day06", "Day06\Day06.csproj", "{BFBB4304-6418-4E14-810D-AE38FD1A9F2E}"
EndProject
Global
	GlobalSection(SolutionConfigurationPlatforms) = preSolution
		Debug|Any CPU = Debug|Any CPU
		Release|Any CPU = Release|Any CPU
	EndGlobalSection
	GlobalSection(ProjectConfigurationPlatforms) = postSolution
		{80364AC5-C0C7-4046-87C2-12407B3614CC}.Debug|Any CPU.ActiveCfg = Debug|Any CPU
		{80364AC5-C0C7-4046-87C2-12407B3614CC}.Debug|Any CPU.Build.0 = Debug|Any CPU
		{80364AC5-C0C7-4046-87C2-12407B3614CC}.Release|Any CPU.ActiveCfg = Release|Any CPU
		{80364AC5-C0C7-4046-87C2-12407B3614CC}.Release|Any CPU.Build.0 = Release|Any CPU
		{375EC499-9B4A-4FDC-A99B-30367F8E0226}.Debug|Any CPU.ActiveCfg = Debug|Any CPU
		{375EC499-9B4A-4FDC-A99B-30367F8E0226}.Debug|Any CPU.Build.0 = Debug|Any CPU
		{375EC499-9B4A-4FDC-A99B-30367F8E0226}.Release|Any CPU.ActiveCfg = Release|Any CPU
		{375EC499-9B4A-4FDC-A99B-30367F8E0226}.Release|Any CPU.Build.0 = Release|Any CPU
		{BF48ADEE-980B-4B50-B1D9-869B6DD0EAB9}.Debug|Any CPU.ActiveCfg = Debug|Any CPU
		{BF48ADEE-980B-4B50-B1D9-869B6DD0EAB9}.Debug|Any CPU.Build.0 = Debug|Any CPU
		{BF48ADEE-980B-4B50-B1D9-869B6DD0EAB9}.Release|Any CPU.ActiveCfg = Release|Any CPU
		{BF48ADEE-980B-4B50-B1D9-869B6DD0EAB9}.Release|Any CPU.Build.0 = Release|Any CPU
		{02EA4A2C-8199-4934-A554-3BF5513941C6}.Debug|Any CPU.ActiveCfg = Debug|Any CPU
		{02EA4A2C-8199-4934-A554-3BF5513941C6}.Debug|Any CPU.Build.0 = Debug|Any CPU
		{02EA4A2C-8199-4934-A554-3BF5513941C6}.Release|Any CPU.ActiveCfg = Release|Any CPU
		{02EA4A2C-8199-4934-A554-3BF5513941C6}.Release|Any CPU.Build.0 = Release|Any CPU
		{3D9E3226-D1A4-4A64-AF0F-0DFC5FFEB624}.Debug|Any CPU.ActiveCfg = Debug|Any CPU
		{3D9E3226-D1A4-4A64-AF0F-0DFC5FFEB624}.Debug|Any CPU.Build.0 = Debug|Any CPU
		{3D9E3226-D1A4-4A64-AF0F-0DFC5FFEB624}.Release|Any CPU.ActiveCfg = Release|Any CPU
		{3D9E3226-D1A4-4A64-AF0F-0DFC5FFEB624}.Release|Any CPU.Build.0 = Release|Any CPU
		{AB410BC8-7934-44C7-8AC8-7D721B79E848}.Debug|Any CPU.ActiveCfg = Debug|Any CPU
		{AB410BC8-7934-44C7-8AC8-7D721B79E848}.Debug|Any CPU.Build.0 = Debug|Any CPU
		{AB410BC8-7934-44C7-8AC8-7D721B79E848}.Release|Any CPU.ActiveCfg = Release|Any CPU
		{AB410BC8-7934-44C7-8AC8-7D721B79E848}.Release|Any CPU.Build.0 = Release|Any CPU
		{BFBB4304-6418-4E14-810D-AE38FD1A9F2E}.Debug|Any CPU.ActiveCfg = Debug|Any CPU
		{BFBB4304-6418-4E14-810D-AE38FD1A9F2E}.Debug|Any CPU.Build.0 = Debug|Any CPU
		{BFBB4304-6418-4E14-810D-AE38FD1A9F2E}.Release|Any CPU.ActiveCfg = Release|Any CPU
		{BFBB4304-6418-4E14-810D-AE38FD1A9F2E}.Release|Any CPU.Build.0 = Release|Any CPU
	EndGlobalSection
	GlobalSection(SolutionProperties) = preSolution
		HideSolutionNode = FALSE
	EndGlobalSection
	GlobalSection(ExtensibilityGlobals) = postSolution
		SolutionGuid = {2B9BF3B6-FC09-47BE-869B-37B628AB2290}
	EndGlobalSection
EndGlobal
